
Microsoft Visual Studio Solution File, Format Version 12.00
# Visual Studio Version 16
VisualStudioVersion = 16.0.30907.101
MinimumVisualStudioVersion = 10.0.40219.1
Project("{9A19103F-16F7-4668-BE54-9A1E7A4F7556}") = "SolrApi", "SolrApi\SolrApi.csproj", "{B23D65D3-BACC-485E-ABEC-C9015D89B68A}"
EndProject
Global
	GlobalSection(SolutionConfigurationPlatforms) = preSolution
		Debug|Any CPU = Debug|Any CPU
		Release|Any CPU = Release|Any CPU
	EndGlobalSection
	GlobalSection(ProjectConfigurationPlatforms) = postSolution
		{B23D65D3-BACC-485E-ABEC-C9015D89B68A}.Debug|Any CPU.ActiveCfg = Debug|Any CPU
		{B23D65D3-BACC-485E-ABEC-C9015D89B68A}.Debug|Any CPU.Build.0 = Debug|Any CPU
		{B23D65D3-BACC-485E-ABEC-C9015D89B68A}.Release|Any CPU.ActiveCfg = Release|Any CPU
		{B23D65D3-BACC-485E-ABEC-C9015D89B68A}.Release|Any CPU.Build.0 = Release|Any CPU
	EndGlobalSection
	GlobalSection(SolutionProperties) = preSolution
		HideSolutionNode = FALSE
	EndGlobalSection
	GlobalSection(ExtensibilityGlobals) = postSolution
		SolutionGuid = {D5327B69-C775-4739-8B3A-DAA75E9458C7}
	EndGlobalSection
EndGlobal
